NeoBundleLock Wombat 600a27a126a32a1c7fd5d46727c2bb488d8e7465
NeoBundleLock ghcmod-vim 1d192d13d68ab59f9f46497a0909bf24a7b7dfff
NeoBundleLock hl_matchit.vim 7e9cd42556e7782d84b06df8c615e3d822cf6297
NeoBundleLock jedi-vim 7f4f2db260e3e693c8b9fc91498f9299c99148c2
NeoBundleLock jellybeans.vim 36f4f82bd7749928ba4e61a58b2e76effb6ecd66
NeoBundleLock lightline.vim 688240e0ef849cdc8457822658cedf10358c75d6
NeoBundleLock molokai c67bdfcdb31415aa0ade7f8c003261700a885476
NeoBundleLock neco-ghc 682869aca5dd0bde71a09ba952acb59c543adf7d
NeoBundleLock neobundle.vim 1306c131ff0a6cc094b7ff0727350e442b5427f1
NeoBundleLock neocomplcache 778181767467b8f8016828898779a646074d883a
NeoBundleLock neosnippet 45b6a8688cc743f3855b866ff47b0f0e9481bf8d
NeoBundleLock neosnippet-snippets ec928a971f32150119f0ab73d289ea82e2740ae0
NeoBundleLock nerdtree c1876da09c38315d7fdea33d9082d1868b5fbd2b
NeoBundleLock rdark cca9bf19977a587b846c10a4f0d16688e57138bb
NeoBundleLock rsense 2952a54972cf927d5419085d1867b65ff7ab0d41
NeoBundleLock surround.vim 324a8735bb82193a1a413e207dc1aaf60f3a1d82
NeoBundleLock taskpaper.vim 2df291f7f40ef049d0a60151c66f11fa21b01e1c
NeoBundleLock twilight 61d8d3e49507ae69d32951d63edf9755c87f4da6
NeoBundleLock unite.vim 77ae78f277896bc560a46a27a51c49f04b6d4ce1
NeoBundleLock vim-clang-format 157cfe8e809d736bfa1f8fe128a6a7ae13155e72
NeoBundleLock vim-colors-solarized 528a59f26d12278698bb946f8fb82a63711eec21
NeoBundleLock vim-endwise f41ebc27b7042760c7812da9f33d5167b33a874e
NeoBundleLock vim-fugitive 2564c37d0a2ade327d6381fef42d84d9fad1d057
NeoBundleLock vim-hybrid cc58baabeabc7b83768e25b852bf89c34756bf90
NeoBundleLock vim-indent-guides 54d889a63716ee2f1818aa2ec5082db47147147b
NeoBundleLock vim-lucius 770dc0da1d1ce0c21e2d54191aae8f0e6012b6a5
NeoBundleLock vim-quickrun 875253cf98415de2aef411a50f35e2d7cb94aeac
NeoBundleLock vim-railscasts-theme 826e17cc7a7fdc1aef16b9ddfaf271b51fc2e0a8
NeoBundleLock vim-ref b45d10f6d0c82e3afd17774626e952fde03274a1
NeoBundleLock vim-ref-ri be7057de4a039969738108234463fc2ad6dae1a0
NeoBundleLock vim-tags e75dea76e488d9208ed73c53c46a4abee2695115
NeoBundleLock vimproc 9136f03680db82c552f4a84e3b461f83c6e232d5
NeoBundleLock vimshell 03bf7673a5098918a533000d67dca97546695237
